
Microsoft Visual Studio Solution File, Format Version 12.00
# Visual Studio Version 16
VisualStudioVersion = 16.0.31005.135
MinimumVisualStudioVersion = 10.0.40219.1
Project("{FAE04EC0-301F-11D3-BF4B-00C04F79EFBC}") = "devops-webapps", "devops-webapps\devops-webapps.csproj", "{A1CD262B-AE90-4256-AA72-B2C265528443}"
EndProject
Project("{FAE04EC0-301F-11D3-BF4B-00C04F79EFBC}") = "devops-webapps.Tests", "devops-webapps.Tests\devops-webapps.Tests.csproj", "{F4F3C21B-46B2-4304-ADA7-5BD4462B6E7C}"
EndProject
Global
	GlobalSection(SolutionConfigurationPlatforms) = preSolution
		Debug|Any CPU = Debug|Any CPU
		Release|Any CPU = Release|Any CPU
	EndGlobalSection
	GlobalSection(ProjectConfigurationPlatforms) = postSolution
		{A1CD262B-AE90-4256-AA72-B2C265528443}.Debug|Any CPU.ActiveCfg = Debug|Any CPU
		{A1CD262B-AE90-4256-AA72-B2C265528443}.Debug|Any CPU.Build.0 = Debug|Any CPU
		{A1CD262B-AE90-4256-AA72-B2C265528443}.Release|Any CPU.ActiveCfg = Release|Any CPU
		{A1CD262B-AE90-4256-AA72-B2C265528443}.Release|Any CPU.Build.0 = Release|Any CPU
		{F4F3C21B-46B2-4304-ADA7-5BD4462B6E7C}.Debug|Any CPU.ActiveCfg = Debug|Any CPU
		{F4F3C21B-46B2-4304-ADA7-5BD4462B6E7C}.Debug|Any CPU.Build.0 = Debug|Any CPU
		{F4F3C21B-46B2-4304-ADA7-5BD4462B6E7C}.Release|Any CPU.ActiveCfg = Release|Any CPU
		{F4F3C21B-46B2-4304-ADA7-5BD4462B6E7C}.Release|Any CPU.Build.0 = Release|Any CPU
	EndGlobalSection
	GlobalSection(SolutionProperties) = preSolution
		HideSolutionNode = FALSE
	EndGlobalSection
	GlobalSection(ExtensibilityGlobals) = postSolution
		SolutionGuid = {D83C364C-7C30-4399-BF28-E16F781F95F2}
	EndGlobalSection
EndGlobal
